
Microsoft Visual Studio Solution File, Format Version 12.00
# Visual Studio Version 17
VisualStudioVersion = 17.11.35327.3
MinimumVisualStudioVersion = 10.0.40219.1
Project("{FAE04EC0-301F-11D3-BF4B-00C04F79EFBC}") = "SFA.DAS.Recruit.Jobs", "SFA.DAS.Recruit.Jobs\SFA.DAS.Recruit.Jobs.csproj", "{1D68887D-8136-425E-90BE-72D6C031628E}"
EndProject
Project("{FAE04EC0-301F-11D3-BF4B-00C04F79EFBC}") = "SFA.DAS.Recruit.Jobs.UnitTests", "SFA.DAS.Recruit.Jobs.UnitTests\SFA.DAS.Recruit.Jobs.UnitTests.csproj", "{83C05C67-F086-458B-AC68-6B6FB8BDF848}"
EndProject
Project("{2150E333-8FDC-42A3-9474-1A3956D46DE8}") = "Tests", "Tests", "{CB2E429D-A158-48D6-B6FB-D91EA818F2D3}"
EndProject
Global
	GlobalSection(SolutionConfigurationPlatforms) = preSolution
		Debug|Any CPU = Debug|Any CPU
		Release|Any CPU = Release|Any CPU
	EndGlobalSection
	GlobalSection(ProjectConfigurationPlatforms) = postSolution
		{1D68887D-8136-425E-90BE-72D6C031628E}.Debug|Any CPU.ActiveCfg = Debug|Any CPU
		{1D68887D-8136-425E-90BE-72D6C031628E}.Debug|Any CPU.Build.0 = Debug|Any CPU
		{1D68887D-8136-425E-90BE-72D6C031628E}.Release|Any CPU.ActiveCfg = Release|Any CPU
		{1D68887D-8136-425E-90BE-72D6C031628E}.Release|Any CPU.Build.0 = Release|Any CPU
		{83C05C67-F086-458B-AC68-6B6FB8BDF848}.Debug|Any CPU.ActiveCfg = Debug|Any CPU
		{83C05C67-F086-458B-AC68-6B6FB8BDF848}.Debug|Any CPU.Build.0 = Debug|Any CPU
		{83C05C67-F086-458B-AC68-6B6FB8BDF848}.Release|Any CPU.ActiveCfg = Release|Any CPU
		{83C05C67-F086-458B-AC68-6B6FB8BDF848}.Release|Any CPU.Build.0 = Release|Any CPU
	EndGlobalSection
	GlobalSection(SolutionProperties) = preSolution
		HideSolutionNode = FALSE
	EndGlobalSection
	GlobalSection(NestedProjects) = preSolution
        {83C05C67-F086-458B-AC68-6B6FB8BDF848} = {CB2E429D-A158-48D6-B6FB-D91EA818F2D3}
    EndGlobalSection
	GlobalSection(ExtensibilityGlobals) = postSolution
		SolutionGuid = {365B421A-D6D6-4217-973D-E551F3DF98DC}
	EndGlobalSection
EndGlobal
